
Microsoft Visual Studio Solution File, Format Version 12.00
Project("{FAE04EC0-301F-11D3-BF4B-00C04F79EFBC}") = "laba-4.net", "laba-4.net\laba-4.net.csproj", "{330DDF70-109D-4543-9E1F-EF3F89651752}"
EndProject
Global
	GlobalSection(SolutionConfigurationPlatforms) = preSolution
		Debug|Any CPU = Debug|Any CPU
		Release|Any CPU = Release|Any CPU
	EndGlobalSection
	GlobalSection(ProjectConfigurationPlatforms) = postSolution
		{330DDF70-109D-4543-9E1F-EF3F89651752}.Debug|Any CPU.ActiveCfg = Debug|Any CPU
		{330DDF70-109D-4543-9E1F-EF3F89651752}.Debug|Any CPU.Build.0 = Debug|Any CPU
		{330DDF70-109D-4543-9E1F-EF3F89651752}.Release|Any CPU.ActiveCfg = Release|Any CPU
		{330DDF70-109D-4543-9E1F-EF3F89651752}.Release|Any CPU.Build.0 = Release|Any CPU
	EndGlobalSection
EndGlobal
